
Microsoft Visual Studio Solution File, Format Version 12.00
# Visual Studio Version 16
VisualStudioVersion = 16.0.29411.138
MinimumVisualStudioVersion = 10.0.40219.1
Project("{2150E333-8FDC-42A3-9474-1A3956D46DE8}") = "src", "src", "{80676CBA-8DA2-4C0B-8997-0883B7E74A20}"
EndProject
Project("{2150E333-8FDC-42A3-9474-1A3956D46DE8}") = "tests", "tests", "{81EA09E6-4048-48C4-9D3B-E95AB44A3C30}"
EndProject
Project("{9A19103F-16F7-4668-BE54-9A1E7A4F7556}") = "Plugin.DialogKit", "src\Plugin.DialogKit\Plugin.DialogKit.csproj", "{C87CF999-5BE9-4956-B657-6CD475B40AAC}"
EndProject
Project("{2150E333-8FDC-42A3-9474-1A3956D46DE8}") = "sandbox", "sandbox", "{E84E55FA-5B88-415F-B3F4-9AF0089C27D7}"
EndProject
Project("{FAE04EC0-301F-11D3-BF4B-00C04F79EFBC}") = "DialogKitSample.Android", "sandbox\DialogKitSample\DialogKitSample.Android\DialogKitSample.Android.csproj", "{CF81F509-B2BF-40CF-A3AB-FDD63F1A650B}"
EndProject
Project("{FAE04EC0-301F-11D3-BF4B-00C04F79EFBC}") = "DialogKitSample.iOS", "sandbox\DialogKitSample\DialogKitSample.iOS\DialogKitSample.iOS.csproj", "{8E11B462-6C6A-402F-BA82-8BBD24CF902A}"
EndProject
Project("{9A19103F-16F7-4668-BE54-9A1E7A4F7556}") = "DialogKitSample", "sandbox\DialogKitSample\DialogKitSample\DialogKitSample.csproj", "{B3A3F730-2247-4370-933D-DD903725AA64}"
EndProject
Project("{2150E333-8FDC-42A3-9474-1A3956D46DE8}") = "Solution Items", "Solution Items", "{14A2AA7B-38F3-455D-88CC-1B9FE3BD66FF}"
	ProjectSection(SolutionItems) = preProject
		.gitignore = .gitignore
	EndProjectSection
EndProject
Global
	GlobalSection(SolutionConfigurationPlatforms) = preSolution
		Ad-Hoc|Any CPU = Ad-Hoc|Any CPU
		Ad-Hoc|iPhone = Ad-Hoc|iPhone
		Ad-Hoc|iPhoneSimulator = Ad-Hoc|iPhoneSimulator
		AppStore|Any CPU = AppStore|Any CPU
		AppStore|iPhone = AppStore|iPhone
		AppStore|iPhoneSimulator = AppStore|iPhoneSimulator
		Debug|Any CPU = Debug|Any CPU
		Debug|iPhone = Debug|iPhone
		Debug|iPhoneSimulator = Debug|iPhoneSimulator
		Release|Any CPU = Release|Any CPU
		Release|iPhone = Release|iPhone
		Release|iPhoneSimulator = Release|iPhoneSimulator
	EndGlobalSection
	GlobalSection(ProjectConfigurationPlatforms) = postSolution
		{C87CF999-5BE9-4956-B657-6CD475B40AAC}.Ad-Hoc|Any CPU.ActiveCfg = Debug|Any CPU
		{C87CF999-5BE9-4956-B657-6CD475B40AAC}.Ad-Hoc|Any CPU.Build.0 = Debug|Any CPU
		{C87CF999-5BE9-4956-B657-6CD475B40AAC}.Ad-Hoc|iPhone.ActiveCfg = Debug|Any CPU
		{C87CF999-5BE9-4956-B657-6CD475B40AAC}.Ad-Hoc|iPhone.Build.0 = Debug|Any CPU
		{C87CF999-5BE9-4956-B657-6CD475B40AAC}.Ad-Hoc|iPhoneSimulator.ActiveCfg = Debug|Any CPU
		{C87CF999-5BE9-4956-B657-6CD475B40AAC}.Ad-Hoc|iPhoneSimulator.Build.0 = Debug|Any CPU
		{C87CF999-5BE9-4956-B657-6CD475B40AAC}.AppStore|Any CPU.ActiveCfg = Debug|Any CPU
		{C87CF999-5BE9-4956-B657-6CD475B40AAC}.AppStore|Any CPU.Build.0 = Debug|Any CPU
		{C87CF999-5BE9-4956-B657-6CD475B40AAC}.AppStore|iPhone.ActiveCfg = Debug|Any CPU
		{C87CF999-5BE9-4956-B657-6CD475B40AAC}.AppStore|iPhone.Build.0 = Debug|Any CPU
		{C87CF999-5BE9-4956-B657-6CD475B40AAC}.AppStore|iPhoneSimulator.ActiveCfg = Debug|Any CPU
		{C87CF999-5BE9-4956-B657-6CD475B40AAC}.AppStore|iPhoneSimulator.Build.0 = Debug|Any CPU
		{C87CF999-5BE9-4956-B657-6CD475B40AAC}.Debug|Any CPU.ActiveCfg = Debug|Any CPU
		{C87CF999-5BE9-4956-B657-6CD475B40AAC}.Debug|Any CPU.Build.0 = Debug|Any CPU
		{C87CF999-5BE9-4956-B657-6CD475B40AAC}.Debug|iPhone.ActiveCfg = Debug|Any CPU
		{C87CF999-5BE9-4956-B657-6CD475B40AAC}.Debug|iPhone.Build.0 = Debug|Any CPU
		{C87CF999-5BE9-4956-B657-6CD475B40AAC}.Debug|iPhoneSimulator.ActiveCfg = Debug|Any CPU
		{C87CF999-5BE9-4956-B657-6CD475B40AAC}.Debug|iPhoneSimulator.Build.0 = Debug|Any CPU
		{C87CF999-5BE9-4956-B657-6CD475B40AAC}.Release|Any CPU.ActiveCfg = Release|Any CPU
		{C87CF999-5BE9-4956-B657-6CD475B40AAC}.Release|Any CPU.Build.0 = Release|Any CPU
		{C87CF999-5BE9-4956-B657-6CD475B40AAC}.Release|iPhone.ActiveCfg = Release|Any CPU
		{C87CF999-5BE9-4956-B657-6CD475B40AAC}.Release|iPhone.Build.0 = Release|Any CPU
		{C87CF999-5BE9-4956-B657-6CD475B40AAC}.Release|iPhoneSimulator.ActiveCfg = Release|Any CPU
		{C87CF999-5BE9-4956-B657-6CD475B40AAC}.Release|iPhoneSimulator.Build.0 = Release|Any CPU
		{CF81F509-B2BF-40CF-A3AB-FDD63F1A650B}.Ad-Hoc|Any CPU.ActiveCfg = Release|Any CPU
		{CF81F509-B2BF-40CF-A3AB-FDD63F1A650B}.Ad-Hoc|Any CPU.Build.0 = Release|Any CPU
		{CF81F509-B2BF-40CF-A3AB-FDD63F1A650B}.Ad-Hoc|Any CPU.Deploy.0 = Release|Any CPU
		{CF81F509-B2BF-40CF-A3AB-FDD63F1A650B}.Ad-Hoc|iPhone.ActiveCfg = Release|Any CPU
		{CF81F509-B2BF-40CF-A3AB-FDD63F1A650B}.Ad-Hoc|iPhone.Build.0 = Release|Any CPU
		{CF81F509-B2BF-40CF-A3AB-FDD63F1A650B}.Ad-Hoc|iPhone.Deploy.0 = Release|Any CPU
		{CF81F509-B2BF-40CF-A3AB-FDD63F1A650B}.Ad-Hoc|iPhoneSimulator.ActiveCfg = Release|Any CPU
		{CF81F509-B2BF-40CF-A3AB-FDD63F1A650B}.Ad-Hoc|iPhoneSimulator.Build.0 = Release|Any CPU
		{CF81F509-B2BF-40CF-A3AB-FDD63F1A650B}.Ad-Hoc|iPhoneSimulator.Deploy.0 = Release|Any CPU
		{CF81F509-B2BF-40CF-A3AB-FDD63F1A650B}.AppStore|Any CPU.ActiveCfg = Release|Any CPU
		{CF81F509-B2BF-40CF-A3AB-FDD63F1A650B}.AppStore|Any CPU.Build.0 = Release|Any CPU
		{CF81F509-B2BF-40CF-A3AB-FDD63F1A650B}.AppStore|Any CPU.Deploy.0 = Release|Any CPU
		{CF81F509-B2BF-40CF-A3AB-FDD63F1A650B}.AppStore|iPhone.ActiveCfg = Release|Any CPU
		{CF81F509-B2BF-40CF-A3AB-FDD63F1A650B}.AppStore|iPhone.Build.0 = Release|Any CPU
		{CF81F509-B2BF-40CF-A3AB-FDD63F1A650B}.AppStore|iPhone.Deploy.0 = Release|Any CPU
		{CF81F509-B2BF-40CF-A3AB-FDD63F1A650B}.AppStore|iPhoneSimulator.ActiveCfg = Release|Any CPU
		{CF81F509-B2BF-40CF-A3AB-FDD63F1A650B}.AppStore|iPhoneSimulator.Build.0 = Release|Any CPU
		{CF81F509-B2BF-40CF-A3AB-FDD63F1A650B}.AppStore|iPhoneSimulator.Deploy.0 = Release|Any CPU
		{CF81F509-B2BF-40CF-A3AB-FDD63F1A650B}.Debug|Any CPU.ActiveCfg = Debug|Any CPU
		{CF81F509-B2BF-40CF-A3AB-FDD63F1A650B}.Debug|Any CPU.Build.0 = Debug|Any CPU
		{CF81F509-B2BF-40CF-A3AB-FDD63F1A650B}.Debug|Any CPU.Deploy.0 = Debug|Any CPU
		{CF81F509-B2BF-40CF-A3AB-FDD63F1A650B}.Debug|iPhone.ActiveCfg = Debug|Any CPU
		{CF81F509-B2BF-40CF-A3AB-FDD63F1A650B}.Debug|iPhone.Build.0 = Debug|Any CPU
		{CF81F509-B2BF-40CF-A3AB-FDD63F1A650B}.Debug|iPhone.Deploy.0 = Debug|Any CPU
		{CF81F509-B2BF-40CF-A3AB-FDD63F1A650B}.Debug|iPhoneSimulator.ActiveCfg = Debug|Any CPU
		{CF81F509-B2BF-40CF-A3AB-FDD63F1A650B}.Debug|iPhoneSimulator.Build.0 = Debug|Any CPU
		{CF81F509-B2BF-40CF-A3AB-FDD63F1A650B}.Debug|iPhoneSimulator.Deploy.0 = Debug|Any CPU
		{CF81F509-B2BF-40CF-A3AB-FDD63F1A650B}.Release|Any CPU.ActiveCfg = Release|Any CPU
		{CF81F509-B2BF-40CF-A3AB-FDD63F1A650B}.Release|Any CPU.Build.0 = Release|Any CPU
		{CF81F509-B2BF-40CF-A3AB-FDD63F1A650B}.Release|Any CPU.Deploy.0 = Release|Any CPU
		{CF81F509-B2BF-40CF-A3AB-FDD63F1A650B}.Release|iPhone.ActiveCfg = Release|Any CPU
		{CF81F509-B2BF-40CF-A3AB-FDD63F1A650B}.Release|iPhone.Build.0 = Release|Any CPU
		{CF81F509-B2BF-40CF-A3AB-FDD63F1A650B}.Release|iPhone.Deploy.0 = Release|Any CPU
		{CF81F509-B2BF-40CF-A3AB-FDD63F1A650B}.Release|iPhoneSimulator.ActiveCfg = Release|Any CPU
		{CF81F509-B2BF-40CF-A3AB-FDD63F1A650B}.Release|iPhoneSimulator.Build.0 = Release|Any CPU
		{CF81F509-B2BF-40CF-A3AB-FDD63F1A650B}.Release|iPhoneSimulator.Deploy.0 = Release|Any CPU
		{8E11B462-6C6A-402F-BA82-8BBD24CF902A}.Ad-Hoc|Any CPU.ActiveCfg = Release|iPhone
		{8E11B462-6C6A-402F-BA82-8BBD24CF902A}.Ad-Hoc|Any CPU.Build.0 = Release|iPhone
		{8E11B462-6C6A-402F-BA82-8BBD24CF902A}.Ad-Hoc|iPhone.ActiveCfg = Release|iPhone
		{8E11B462-6C6A-402F-BA82-8BBD24CF902A}.Ad-Hoc|iPhone.Build.0 = Release|iPhone
		{8E11B462-6C6A-402F-BA82-8BBD24CF902A}.Ad-Hoc|iPhoneSimulator.ActiveCfg = Release|iPhoneSimulator
		{8E11B462-6C6A-402F-BA82-8BBD24CF902A}.Ad-Hoc|iPhoneSimulator.Build.0 = Release|iPhoneSimulator
		{8E11B462-6C6A-402F-BA82-8BBD24CF902A}.AppStore|Any CPU.ActiveCfg = Release|iPhone
		{8E11B462-6C6A-402F-BA82-8BBD24CF902A}.AppStore|Any CPU.Build.0 = Release|iPhone
		{8E11B462-6C6A-402F-BA82-8BBD24CF902A}.AppStore|iPhone.ActiveCfg = Release|iPhone
		{8E11B462-6C6A-402F-BA82-8BBD24CF902A}.AppStore|iPhone.Build.0 = Release|iPhone
		{8E11B462-6C6A-402F-BA82-8BBD24CF902A}.AppStore|iPhoneSimulator.ActiveCfg = Release|iPhoneSimulator
		{8E11B462-6C6A-402F-BA82-8BBD24CF902A}.AppStore|iPhoneSimulator.Build.0 = Release|iPhoneSimulator
		{8E11B462-6C6A-402F-BA82-8BBD24CF902A}.Debug|Any CPU.ActiveCfg = Debug|iPhone
		{8E11B462-6C6A-402F-BA82-8BBD24CF902A}.Debug|iPhone.ActiveCfg = Debug|iPhone
		{8E11B462-6C6A-402F-BA82-8BBD24CF902A}.Debug|iPhone.Build.0 = Debug|iPhone
		{8E11B462-6C6A-402F-BA82-8BBD24CF902A}.Debug|iPhoneSimulator.ActiveCfg = Debug|iPhoneSimulator
		{8E11B462-6C6A-402F-BA82-8BBD24CF902A}.Debug|iPhoneSimulator.Build.0 = Debug|iPhoneSimulator
		{8E11B462-6C6A-402F-BA82-8BBD24CF902A}.Release|Any CPU.ActiveCfg = Release|iPhone
		{8E11B462-6C6A-402F-BA82-8BBD24CF902A}.Release|iPhone.ActiveCfg = Release|iPhone
		{8E11B462-6C6A-402F-BA82-8BBD24CF902A}.Release|iPhone.Build.0 = Release|iPhone
		{8E11B462-6C6A-402F-BA82-8BBD24CF902A}.Release|iPhoneSimulator.ActiveCfg = Release|iPhoneSimulator
		{8E11B462-6C6A-402F-BA82-8BBD24CF902A}.Release|iPhoneSimulator.Build.0 = Release|iPhoneSimulator
		{B3A3F730-2247-4370-933D-DD903725AA64}.Ad-Hoc|Any CPU.ActiveCfg = Debug|Any CPU
		{B3A3F730-2247-4370-933D-DD903725AA64}.Ad-Hoc|Any CPU.Build.0 = Debug|Any CPU
		{B3A3F730-2247-4370-933D-DD903725AA64}.Ad-Hoc|iPhone.ActiveCfg = Debug|Any CPU
		{B3A3F730-2247-4370-933D-DD903725AA64}.Ad-Hoc|iPhone.Build.0 = Debug|Any CPU
		{B3A3F730-2247-4370-933D-DD903725AA64}.Ad-Hoc|iPhoneSimulator.ActiveCfg = Debug|Any CPU
		{B3A3F730-2247-4370-933D-DD903725AA64}.Ad-Hoc|iPhoneSimulator.Build.0 = Debug|Any CPU
		{B3A3F730-2247-4370-933D-DD903725AA64}.AppStore|Any CPU.ActiveCfg = Debug|Any CPU
		{B3A3F730-2247-4370-933D-DD903725AA64}.AppStore|Any CPU.Build.0 = Debug|Any CPU
		{B3A3F730-2247-4370-933D-DD903725AA64}.AppStore|iPhone.ActiveCfg = Debug|Any CPU
		{B3A3F730-2247-4370-933D-DD903725AA64}.AppStore|iPhone.Build.0 = Debug|Any CPU
		{B3A3F730-2247-4370-933D-DD903725AA64}.AppStore|iPhoneSimulator.ActiveCfg = Debug|Any CPU
		{B3A3F730-2247-4370-933D-DD903725AA64}.AppStore|iPhoneSimulator.Build.0 = Debug|Any CPU
		{B3A3F730-2247-4370-933D-DD903725AA64}.Debug|Any CPU.ActiveCfg = Debug|Any CPU
		{B3A3F730-2247-4370-933D-DD903725AA64}.Debug|Any CPU.Build.0 = Debug|Any CPU
		{B3A3F730-2247-4370-933D-DD903725AA64}.Debug|iPhone.ActiveCfg = Debug|Any CPU
		{B3A3F730-2247-4370-933D-DD903725AA64}.Debug|iPhone.Build.0 = Debug|Any CPU
		{B3A3F730-2247-4370-933D-DD903725AA64}.Debug|iPhoneSimulator.ActiveCfg = Debug|Any CPU
		{B3A3F730-2247-4370-933D-DD903725AA64}.Debug|iPhoneSimulator.Build.0 = Debug|Any CPU
		{B3A3F730-2247-4370-933D-DD903725AA64}.Release|Any CPU.ActiveCfg = Release|Any CPU
		{B3A3F730-2247-4370-933D-DD903725AA64}.Release|Any CPU.Build.0 = Release|Any CPU
		{B3A3F730-2247-4370-933D-DD903725AA64}.Release|iPhone.ActiveCfg = Release|Any CPU
		{B3A3F730-2247-4370-933D-DD903725AA64}.Release|iPhone.Build.0 = Release|Any CPU
		{B3A3F730-2247-4370-933D-DD903725AA64}.Release|iPhoneSimulator.ActiveCfg = Release|Any CPU
		{B3A3F730-2247-4370-933D-DD903725AA64}.Release|iPhoneSimulator.Build.0 = Release|Any CPU
	EndGlobalSection
	GlobalSection(SolutionProperties) = preSolution
		HideSolutionNode = FALSE
	EndGlobalSection
	GlobalSection(NestedProjects) = preSolution
		{C87CF999-5BE9-4956-B657-6CD475B40AAC} = {80676CBA-8DA2-4C0B-8997-0883B7E74A20}
		{CF81F509-B2BF-40CF-A3AB-FDD63F1A650B} = {E84E55FA-5B88-415F-B3F4-9AF0089C27D7}
		{8E11B462-6C6A-402F-BA82-8BBD24CF902A} = {E84E55FA-5B88-415F-B3F4-9AF0089C27D7}
		{B3A3F730-2247-4370-933D-DD903725AA64} = {E84E55FA-5B88-415F-B3F4-9AF0089C27D7}
	EndGlobalSection
	GlobalSection(ExtensibilityGlobals) = postSolution
		SolutionGuid = {6EF48CB7-260A-40A3-8071-00595BB51F2F}
	EndGlobalSection
EndGlobal
